
Microsoft Visual Studio Solution File, Format Version 12.00
# Visual Studio Version 16
VisualStudioVersion = 16.0.29613.14
MinimumVisualStudioVersion = 10.0.40219.1
Project("{FAE04EC0-301F-11D3-BF4B-00C04F79EFBC}") = "Krunker.UI", "Krunker.UI\Krunker.UI.csproj", "{68EAE0F2-2A02-4BD0-894E-2E16A641FE71}"
EndProject
Project("{FAE04EC0-301F-11D3-BF4B-00C04F79EFBC}") = "Krunker.BL", "Krunker.BL\Krunker.BL.csproj", "{945F5E96-EB98-4B68-84CE-3C173F21E025}"
EndProject
Project("{FAE04EC0-301F-11D3-BF4B-00C04F79EFBC}") = "Krunker.Common", "Krunker.Common\Krunker.Common.csproj", "{41505A91-0125-4257-8D87-128D947BFC5D}"
EndProject
Project("{FAE04EC0-301F-11D3-BF4B-00C04F79EFBC}") = "Krunker.DAL", "Krunker.DAL\Krunker.DAL.csproj", "{E8DEC390-CE17-4BE8-AEE6-A21EC9DCF874}"
EndProject
Global
	GlobalSection(SolutionConfigurationPlatforms) = preSolution
		Debug|Any CPU = Debug|Any CPU
		Debug|ARM = Debug|ARM
		Debug|ARM64 = Debug|ARM64
		Debug|x64 = Debug|x64
		Debug|x86 = Debug|x86
		Release|Any CPU = Release|Any CPU
		Release|ARM = Release|ARM
		Release|ARM64 = Release|ARM64
		Release|x64 = Release|x64
		Release|x86 = Release|x86
	EndGlobalSection
	GlobalSection(ProjectConfigurationPlatforms) = postSolution
		{68EAE0F2-2A02-4BD0-894E-2E16A641FE71}.Debug|Any CPU.ActiveCfg = Debug|x86
		{68EAE0F2-2A02-4BD0-894E-2E16A641FE71}.Debug|ARM.ActiveCfg = Debug|ARM
		{68EAE0F2-2A02-4BD0-894E-2E16A641FE71}.Debug|ARM.Build.0 = Debug|ARM
		{68EAE0F2-2A02-4BD0-894E-2E16A641FE71}.Debug|ARM.Deploy.0 = Debug|ARM
		{68EAE0F2-2A02-4BD0-894E-2E16A641FE71}.Debug|ARM64.ActiveCfg = Debug|ARM64
		{68EAE0F2-2A02-4BD0-894E-2E16A641FE71}.Debug|ARM64.Build.0 = Debug|ARM64
		{68EAE0F2-2A02-4BD0-894E-2E16A641FE71}.Debug|ARM64.Deploy.0 = Debug|ARM64
		{68EAE0F2-2A02-4BD0-894E-2E16A641FE71}.Debug|x64.ActiveCfg = Debug|x64
		{68EAE0F2-2A02-4BD0-894E-2E16A641FE71}.Debug|x64.Build.0 = Debug|x64
		{68EAE0F2-2A02-4BD0-894E-2E16A641FE71}.Debug|x64.Deploy.0 = Debug|x64
		{68EAE0F2-2A02-4BD0-894E-2E16A641FE71}.Debug|x86.ActiveCfg = Debug|x86
		{68EAE0F2-2A02-4BD0-894E-2E16A641FE71}.Debug|x86.Build.0 = Debug|x86
		{68EAE0F2-2A02-4BD0-894E-2E16A641FE71}.Debug|x86.Deploy.0 = Debug|x86
		{68EAE0F2-2A02-4BD0-894E-2E16A641FE71}.Release|Any CPU.ActiveCfg = Release|x86
		{68EAE0F2-2A02-4BD0-894E-2E16A641FE71}.Release|ARM.ActiveCfg = Release|ARM
		{68EAE0F2-2A02-4BD0-894E-2E16A641FE71}.Release|ARM.Build.0 = Release|ARM
		{68EAE0F2-2A02-4BD0-894E-2E16A641FE71}.Release|ARM.Deploy.0 = Release|ARM
		{68EAE0F2-2A02-4BD0-894E-2E16A641FE71}.Release|ARM64.ActiveCfg = Release|ARM64
		{68EAE0F2-2A02-4BD0-894E-2E16A641FE71}.Release|ARM64.Build.0 = Release|ARM64
		{68EAE0F2-2A02-4BD0-894E-2E16A641FE71}.Release|ARM64.Deploy.0 = Release|ARM64
		{68EAE0F2-2A02-4BD0-894E-2E16A641FE71}.Release|x64.ActiveCfg = Release|x64
		{68EAE0F2-2A02-4BD0-894E-2E16A641FE71}.Release|x64.Build.0 = Release|x64
		{68EAE0F2-2A02-4BD0-894E-2E16A641FE71}.Release|x64.Deploy.0 = Release|x64
		{68EAE0F2-2A02-4BD0-894E-2E16A641FE71}.Release|x86.ActiveCfg = Release|x86
		{68EAE0F2-2A02-4BD0-894E-2E16A641FE71}.Release|x86.Build.0 = Release|x86
		{68EAE0F2-2A02-4BD0-894E-2E16A641FE71}.Release|x86.Deploy.0 = Release|x86
		{945F5E96-EB98-4B68-84CE-3C173F21E025}.Debug|Any CPU.ActiveCfg = Debug|Any CPU
		{945F5E96-EB98-4B68-84CE-3C173F21E025}.Debug|Any CPU.Build.0 = Debug|Any CPU
		{945F5E96-EB98-4B68-84CE-3C173F21E025}.Debug|ARM.ActiveCfg = Debug|ARM
		{945F5E96-EB98-4B68-84CE-3C173F21E025}.Debug|ARM.Build.0 = Debug|ARM
		{945F5E96-EB98-4B68-84CE-3C173F21E025}.Debug|ARM64.ActiveCfg = Debug|ARM64
		{945F5E96-EB98-4B68-84CE-3C173F21E025}.Debug|ARM64.Build.0 = Debug|ARM64
		{945F5E96-EB98-4B68-84CE-3C173F21E025}.Debug|x64.ActiveCfg = Debug|x64
		{945F5E96-EB98-4B68-84CE-3C173F21E025}.Debug|x64.Build.0 = Debug|x64
		{945F5E96-EB98-4B68-84CE-3C173F21E025}.Debug|x86.ActiveCfg = Debug|x86
		{945F5E96-EB98-4B68-84CE-3C173F21E025}.Debug|x86.Build.0 = Debug|x86
		{945F5E96-EB98-4B68-84CE-3C173F21E025}.Release|Any CPU.ActiveCfg = Release|Any CPU
		{945F5E96-EB98-4B68-84CE-3C173F21E025}.Release|Any CPU.Build.0 = Release|Any CPU
		{945F5E96-EB98-4B68-84CE-3C173F21E025}.Release|ARM.ActiveCfg = Release|ARM
		{945F5E96-EB98-4B68-84CE-3C173F21E025}.Release|ARM.Build.0 = Release|ARM
		{945F5E96-EB98-4B68-84CE-3C173F21E025}.Release|ARM64.ActiveCfg = Release|ARM64
		{945F5E96-EB98-4B68-84CE-3C173F21E025}.Release|ARM64.Build.0 = Release|ARM64
		{945F5E96-EB98-4B68-84CE-3C173F21E025}.Release|x64.ActiveCfg = Release|x64
		{945F5E96-EB98-4B68-84CE-3C173F21E025}.Release|x64.Build.0 = Release|x64
		{945F5E96-EB98-4B68-84CE-3C173F21E025}.Release|x86.ActiveCfg = Release|x86
		{945F5E96-EB98-4B68-84CE-3C173F21E025}.Release|x86.Build.0 = Release|x86
		{41505A91-0125-4257-8D87-128D947BFC5D}.Debug|Any CPU.ActiveCfg = Debug|Any CPU
		{41505A91-0125-4257-8D87-128D947BFC5D}.Debug|Any CPU.Build.0 = Debug|Any CPU
		{41505A91-0125-4257-8D87-128D947BFC5D}.Debug|ARM.ActiveCfg = Debug|ARM
		{41505A91-0125-4257-8D87-128D947BFC5D}.Debug|ARM.Build.0 = Debug|ARM
		{41505A91-0125-4257-8D87-128D947BFC5D}.Debug|ARM64.ActiveCfg = Debug|ARM64
		{41505A91-0125-4257-8D87-128D947BFC5D}.Debug|ARM64.Build.0 = Debug|ARM64
		{41505A91-0125-4257-8D87-128D947BFC5D}.Debug|x64.ActiveCfg = Debug|x64
		{41505A91-0125-4257-8D87-128D947BFC5D}.Debug|x64.Build.0 = Debug|x64
		{41505A91-0125-4257-8D87-128D947BFC5D}.Debug|x86.ActiveCfg = Debug|x86
		{41505A91-0125-4257-8D87-128D947BFC5D}.Debug|x86.Build.0 = Debug|x86
		{41505A91-0125-4257-8D87-128D947BFC5D}.Release|Any CPU.ActiveCfg = Release|Any CPU
		{41505A91-0125-4257-8D87-128D947BFC5D}.Release|Any CPU.Build.0 = Release|Any CPU
		{41505A91-0125-4257-8D87-128D947BFC5D}.Release|ARM.ActiveCfg = Release|ARM
		{41505A91-0125-4257-8D87-128D947BFC5D}.Release|ARM.Build.0 = Release|ARM
		{41505A91-0125-4257-8D87-128D947BFC5D}.Release|ARM64.ActiveCfg = Release|ARM64
		{41505A91-0125-4257-8D87-128D947BFC5D}.Release|ARM64.Build.0 = Release|ARM64
		{41505A91-0125-4257-8D87-128D947BFC5D}.Release|x64.ActiveCfg = Release|x64
		{41505A91-0125-4257-8D87-128D947BFC5D}.Release|x64.Build.0 = Release|x64
		{41505A91-0125-4257-8D87-128D947BFC5D}.Release|x86.ActiveCfg = Release|x86
		{41505A91-0125-4257-8D87-128D947BFC5D}.Release|x86.Build.0 = Release|x86
		{E8DEC390-CE17-4BE8-AEE6-A21EC9DCF874}.Debug|Any CPU.ActiveCfg = Debug|Any CPU
		{E8DEC390-CE17-4BE8-AEE6-A21EC9DCF874}.Debug|Any CPU.Build.0 = Debug|Any CPU
		{E8DEC390-CE17-4BE8-AEE6-A21EC9DCF874}.Debug|ARM.ActiveCfg = Debug|ARM
		{E8DEC390-CE17-4BE8-AEE6-A21EC9DCF874}.Debug|ARM.Build.0 = Debug|ARM
		{E8DEC390-CE17-4BE8-AEE6-A21EC9DCF874}.Debug|ARM64.ActiveCfg = Debug|ARM64
		{E8DEC390-CE17-4BE8-AEE6-A21EC9DCF874}.Debug|ARM64.Build.0 = Debug|ARM64
		{E8DEC390-CE17-4BE8-AEE6-A21EC9DCF874}.Debug|x64.ActiveCfg = Debug|x64
		{E8DEC390-CE17-4BE8-AEE6-A21EC9DCF874}.Debug|x64.Build.0 = Debug|x64
		{E8DEC390-CE17-4BE8-AEE6-A21EC9DCF874}.Debug|x86.ActiveCfg = Debug|x86
		{E8DEC390-CE17-4BE8-AEE6-A21EC9DCF874}.Debug|x86.Build.0 = Debug|x86
		{E8DEC390-CE17-4BE8-AEE6-A21EC9DCF874}.Release|Any CPU.ActiveCfg = Release|Any CPU
		{E8DEC390-CE17-4BE8-AEE6-A21EC9DCF874}.Release|Any CPU.Build.0 = Release|Any CPU
		{E8DEC390-CE17-4BE8-AEE6-A21EC9DCF874}.Release|ARM.ActiveCfg = Release|ARM
		{E8DEC390-CE17-4BE8-AEE6-A21EC9DCF874}.Release|ARM.Build.0 = Release|ARM
		{E8DEC390-CE17-4BE8-AEE6-A21EC9DCF874}.Release|ARM64.ActiveCfg = Release|ARM64
		{E8DEC390-CE17-4BE8-AEE6-A21EC9DCF874}.Release|ARM64.Build.0 = Release|ARM64
		{E8DEC390-CE17-4BE8-AEE6-A21EC9DCF874}.Release|x64.ActiveCfg = Release|x64
		{E8DEC390-CE17-4BE8-AEE6-A21EC9DCF874}.Release|x64.Build.0 = Release|x64
		{E8DEC390-CE17-4BE8-AEE6-A21EC9DCF874}.Release|x86.ActiveCfg = Release|x86
		{E8DEC390-CE17-4BE8-AEE6-A21EC9DCF874}.Release|x86.Build.0 = Release|x86
	EndGlobalSection
	GlobalSection(SolutionProperties) = preSolution
		HideSolutionNode = FALSE
	EndGlobalSection
	GlobalSection(ExtensibilityGlobals) = postSolution
		SolutionGuid = {79ABF363-B536-4774-8C5E-F65029B95EE8}
	EndGlobalSection
EndGlobal
